Microsoft Visual Studio Solution File, Format Version 12.00
# Visual Studio 2012
VisualStudioVersion = 12.0.0.0
MinimumVisualStudioVersion = 10.0.0.1
Project("{FAE04EC0-301F-11D3-BF4B-00C04F79EFBC}") = "BrowserUp.Mitmproxy.Client", "src\BrowserUp.Mitmproxy.Client\BrowserUp.Mitmproxy.Client.csproj", "{D80564AC-BD94-42DC-AF3F-33CCE2228473}"
EndProject
Project("{FAE04EC0-301F-11D3-BF4B-00C04F79EFBC}") = "BrowserUp.Mitmproxy.Client.Test", "src\BrowserUp.Mitmproxy.Client.Test\BrowserUp.Mitmproxy.Client.Test.csproj", "{19F1DEBC-DE5E-4517-8062-F000CD499087}"
EndProject
Global
	GlobalSection(SolutionConfigurationPlatforms) = preSolution
		Debug|Any CPU = Debug|Any CPU
		Release|Any CPU = Release|Any CPU
	EndGlobalSection
	GlobalSection(ProjectConfigurationPlatforms) = postSolution
		{D80564AC-BD94-42DC-AF3F-33CCE2228473}.Debug|Any CPU.ActiveCfg = Debug|Any CPU
		{D80564AC-BD94-42DC-AF3F-33CCE2228473}.Debug|Any CPU.Build.0 = Debug|Any CPU
		{D80564AC-BD94-42DC-AF3F-33CCE2228473}.Release|Any CPU.ActiveCfg = Release|Any CPU
		{D80564AC-BD94-42DC-AF3F-33CCE2228473}.Release|Any CPU.Build.0 = Release|Any CPU
		{19F1DEBC-DE5E-4517-8062-F000CD499087}.Debug|Any CPU.ActiveCfg = Debug|Any CPU
		{19F1DEBC-DE5E-4517-8062-F000CD499087}.Debug|Any CPU.Build.0 = Debug|Any CPU
		{19F1DEBC-DE5E-4517-8062-F000CD499087}.Release|Any CPU.ActiveCfg = Release|Any CPU
		{19F1DEBC-DE5E-4517-8062-F000CD499087}.Release|Any CPU.Build.0 = Release|Any CPU
	EndGlobalSection
	GlobalSection(SolutionProperties) = preSolution
		HideSolutionNode = FALSE
	EndGlobalSection
EndGlobal