GEM
  remote: https://rubygems.org/
  specs:
    browserup_mitmproxy_client (1.1)
      typhoeus (~> 1.0, >= 1.0.1)
    diff-lcs (1.4.4)
    ethon (0.14.0)
      ffi (>= 1.15.0)
    ffi (1.15.4)
    rake (12.3.3)
    rspec (3.10.0)
      rspec-core (~> 3.10.0)
      rspec-expectations (~> 3.10.0)
      rspec-mocks (~> 3.10.0)
    rspec-core (3.10.1)
      rspec-support (~> 3.10.0)
    rspec-expectations (3.10.1)
      diff-lcs (>= 1.2.0, < 2.0)
      rspec-support (~> 3.10.0)
    rspec-mocks (3.10.2)
      diff-lcs (>= 1.2.0, < 2.0)
      rspec-support (~> 3.10.0)
    rspec-support (3.10.2)
    typhoeus (1.4.0)
      ethon (>= 0.9.0)

PLATFORMS
  ruby

DEPENDENCIES
  browserup_mitmproxy_client (~> 1.1)
  rake (~> 12.0)
  rspec (~> 3.0)

BUNDLED WITH
   2.1.4
